
Microsoft Visual Studio Solution File, Format Version 12.00
# Visual Studio Version 16
VisualStudioVersion = 16.0.0.0
MinimumVisualStudioVersion = 16.0.0.0
Project("{9A19103F-16F7-4668-BE54-9A1E7A4F7556}") = "BlazorAutoApp", "BlazorAutoApp\BlazorAutoApp.csproj", "{855A9018-2CC3-4215-BBA9-F28496F60092}"
EndProject
Project("{9A19103F-16F7-4668-BE54-9A1E7A4F7556}") = "BlazorAutoApp.Client", "BlazorAutoApp.Client\BlazorAutoApp.Client.csproj", "{19270086-2F14-4EC4-A02E-300715ECA3BD}"
EndProject
Project("{FAE04EC0-301F-11D3-BF4B-00C04F79EFBC}") = "BlazorAutoApp.Core", "BlazorAutoApp.Core\BlazorAutoApp.Core.csproj", "{F9126CD1-5974-4BB2-AE38-42C73BE2FADB}"
EndProject
Project("{FAE04EC0-301F-11D3-BF4B-00C04F79EFBC}") = "BlazorAutoApp.Test", "BlazorAutoApp.Test\BlazorAutoApp.Test.csproj", "{F7788EAF-636A-4F56-B772-14D86A480240}"
EndProject
Global
	GlobalSection(SolutionConfigurationPlatforms) = preSolution
		Debug|Any CPU = Debug|Any CPU
		Debug|x64 = Debug|x64
		Debug|x86 = Debug|x86
		Release|Any CPU = Release|Any CPU
		Release|x64 = Release|x64
		Release|x86 = Release|x86
	EndGlobalSection
	GlobalSection(ProjectConfigurationPlatforms) = postSolution
		{855A9018-2CC3-4215-BBA9-F28496F60092}.Debug|Any CPU.ActiveCfg = Debug|Any CPU
		{855A9018-2CC3-4215-BBA9-F28496F60092}.Debug|Any CPU.Build.0 = Debug|Any CPU
		{855A9018-2CC3-4215-BBA9-F28496F60092}.Debug|x64.ActiveCfg = Debug|Any CPU
		{855A9018-2CC3-4215-BBA9-F28496F60092}.Debug|x64.Build.0 = Debug|Any CPU
		{855A9018-2CC3-4215-BBA9-F28496F60092}.Debug|x86.ActiveCfg = Debug|Any CPU
		{855A9018-2CC3-4215-BBA9-F28496F60092}.Debug|x86.Build.0 = Debug|Any CPU
		{855A9018-2CC3-4215-BBA9-F28496F60092}.Release|Any CPU.ActiveCfg = Release|Any CPU
		{855A9018-2CC3-4215-BBA9-F28496F60092}.Release|Any CPU.Build.0 = Release|Any CPU
		{855A9018-2CC3-4215-BBA9-F28496F60092}.Release|x64.ActiveCfg = Release|Any CPU
		{855A9018-2CC3-4215-BBA9-F28496F60092}.Release|x64.Build.0 = Release|Any CPU
		{855A9018-2CC3-4215-BBA9-F28496F60092}.Release|x86.ActiveCfg = Release|Any CPU
		{855A9018-2CC3-4215-BBA9-F28496F60092}.Release|x86.Build.0 = Release|Any CPU
		{19270086-2F14-4EC4-A02E-300715ECA3BD}.Debug|Any CPU.ActiveCfg = Debug|Any CPU
		{19270086-2F14-4EC4-A02E-300715ECA3BD}.Debug|Any CPU.Build.0 = Debug|Any CPU
		{19270086-2F14-4EC4-A02E-300715ECA3BD}.Debug|x64.ActiveCfg = Debug|Any CPU
		{19270086-2F14-4EC4-A02E-300715ECA3BD}.Debug|x64.Build.0 = Debug|Any CPU
		{19270086-2F14-4EC4-A02E-300715ECA3BD}.Debug|x86.ActiveCfg = Debug|Any CPU
		{19270086-2F14-4EC4-A02E-300715ECA3BD}.Debug|x86.Build.0 = Debug|Any CPU
		{19270086-2F14-4EC4-A02E-300715ECA3BD}.Release|Any CPU.ActiveCfg = Release|Any CPU
		{19270086-2F14-4EC4-A02E-300715ECA3BD}.Release|Any CPU.Build.0 = Release|Any CPU
		{19270086-2F14-4EC4-A02E-300715ECA3BD}.Release|x64.ActiveCfg = Release|Any CPU
		{19270086-2F14-4EC4-A02E-300715ECA3BD}.Release|x64.Build.0 = Release|Any CPU
		{19270086-2F14-4EC4-A02E-300715ECA3BD}.Release|x86.ActiveCfg = Release|Any CPU
		{19270086-2F14-4EC4-A02E-300715ECA3BD}.Release|x86.Build.0 = Release|Any CPU
		{F9126CD1-5974-4BB2-AE38-42C73BE2FADB}.Debug|Any CPU.ActiveCfg = Debug|Any CPU
		{F9126CD1-5974-4BB2-AE38-42C73BE2FADB}.Debug|Any CPU.Build.0 = Debug|Any CPU
		{F9126CD1-5974-4BB2-AE38-42C73BE2FADB}.Debug|x64.ActiveCfg = Debug|Any CPU
		{F9126CD1-5974-4BB2-AE38-42C73BE2FADB}.Debug|x64.Build.0 = Debug|Any CPU
		{F9126CD1-5974-4BB2-AE38-42C73BE2FADB}.Debug|x86.ActiveCfg = Debug|Any CPU
		{F9126CD1-5974-4BB2-AE38-42C73BE2FADB}.Debug|x86.Build.0 = Debug|Any CPU
		{F9126CD1-5974-4BB2-AE38-42C73BE2FADB}.Release|Any CPU.ActiveCfg = Release|Any CPU
		{F9126CD1-5974-4BB2-AE38-42C73BE2FADB}.Release|Any CPU.Build.0 = Release|Any CPU
		{F9126CD1-5974-4BB2-AE38-42C73BE2FADB}.Release|x64.ActiveCfg = Release|Any CPU
		{F9126CD1-5974-4BB2-AE38-42C73BE2FADB}.Release|x64.Build.0 = Release|Any CPU
		{F9126CD1-5974-4BB2-AE38-42C73BE2FADB}.Release|x86.ActiveCfg = Release|Any CPU
		{F9126CD1-5974-4BB2-AE38-42C73BE2FADB}.Release|x86.Build.0 = Release|Any CPU
		{F7788EAF-636A-4F56-B772-14D86A480240}.Debug|Any CPU.ActiveCfg = Debug|Any CPU
		{F7788EAF-636A-4F56-B772-14D86A480240}.Debug|Any CPU.Build.0 = Debug|Any CPU
		{F7788EAF-636A-4F56-B772-14D86A480240}.Debug|x64.ActiveCfg = Debug|Any CPU
		{F7788EAF-636A-4F56-B772-14D86A480240}.Debug|x64.Build.0 = Debug|Any CPU
		{F7788EAF-636A-4F56-B772-14D86A480240}.Debug|x86.ActiveCfg = Debug|Any CPU
		{F7788EAF-636A-4F56-B772-14D86A480240}.Debug|x86.Build.0 = Debug|Any CPU
		{F7788EAF-636A-4F56-B772-14D86A480240}.Release|Any CPU.ActiveCfg = Release|Any CPU
		{F7788EAF-636A-4F56-B772-14D86A480240}.Release|Any CPU.Build.0 = Release|Any CPU
		{F7788EAF-636A-4F56-B772-14D86A480240}.Release|x64.ActiveCfg = Release|Any CPU
		{F7788EAF-636A-4F56-B772-14D86A480240}.Release|x64.Build.0 = Release|Any CPU
		{F7788EAF-636A-4F56-B772-14D86A480240}.Release|x86.ActiveCfg = Release|Any CPU
		{F7788EAF-636A-4F56-B772-14D86A480240}.Release|x86.Build.0 = Release|Any CPU
	EndGlobalSection
	GlobalSection(SolutionProperties) = preSolution
		HideSolutionNode = FALSE
	EndGlobalSection
	GlobalSection(ExtensibilityGlobals) = postSolution
		SolutionGuid = {0184EFD6-4A03-48A4-990A-C79ACDAF42E5}
	EndGlobalSection
EndGlobal
